
Microsoft Visual Studio Solution File, Format Version 12.00
# Visual Studio Version 17
VisualStudioVersion = 17.5.33516.290
MinimumVisualStudioVersion = 10.0.40219.1
Project("{FAE04EC0-301F-11D3-BF4B-00C04F79EFBC}") = "Questão3", "Questão3.csproj", "{36892CFF-A84A-4A73-9282-ACF6B83B3068}"
EndProject
Project("{FAE04EC0-301F-11D3-BF4B-00C04F79EFBC}") = "Questão2", "..\Questão2\Questão2.csproj", "{D5D942CD-D87A-404C-A38C-DEC276DCCE1E}"
EndProject
Global
	GlobalSection(SolutionConfigurationPlatforms) = preSolution
		Debug|Any CPU = Debug|Any CPU
		Release|Any CPU = Release|Any CPU
	EndGlobalSection
	GlobalSection(ProjectConfigurationPlatforms) = postSolution
		{36892CFF-A84A-4A73-9282-ACF6B83B3068}.Debug|Any CPU.ActiveCfg = Debug|Any CPU
		{36892CFF-A84A-4A73-9282-ACF6B83B3068}.Debug|Any CPU.Build.0 = Debug|Any CPU
		{36892CFF-A84A-4A73-9282-ACF6B83B3068}.Release|Any CPU.ActiveCfg = Release|Any CPU
		{36892CFF-A84A-4A73-9282-ACF6B83B3068}.Release|Any CPU.Build.0 = Release|Any CPU
		{D5D942CD-D87A-404C-A38C-DEC276DCCE1E}.Debug|Any CPU.ActiveCfg = Debug|Any CPU
		{D5D942CD-D87A-404C-A38C-DEC276DCCE1E}.Debug|Any CPU.Build.0 = Debug|Any CPU
		{D5D942CD-D87A-404C-A38C-DEC276DCCE1E}.Release|Any CPU.ActiveCfg = Release|Any CPU
		{D5D942CD-D87A-404C-A38C-DEC276DCCE1E}.Release|Any CPU.Build.0 = Release|Any CPU
	EndGlobalSection
	GlobalSection(SolutionProperties) = preSolution
		HideSolutionNode = FALSE
	EndGlobalSection
	GlobalSection(ExtensibilityGlobals) = postSolution
		SolutionGuid = {24A7F077-F2DE-4C01-B2F9-55EC6915E6B4}
	EndGlobalSection
EndGlobal
